
Microsoft Visual Studio Solution File, Format Version 12.00
# Visual Studio Version 17
VisualStudioVersion = 17.13.35931.197
MinimumVisualStudioVersion = 10.0.40219.1
Project("{9A19103F-16F7-4668-BE54-9A1E7A4F7556}") = "BeverageManagemnt", "BeverageManagemnt\BeverageManagemnt.csproj", "{3E89C7D0-FE4D-4BA1-A864-C2D862961458}"
EndProject
Project("{9A19103F-16F7-4668-BE54-9A1E7A4F7556}") = "DalLayer", "DalLayer\DalLayer.csproj", "{C896F660-D286-4249-B464-515367DD3C19}"
EndProject
Project("{9A19103F-16F7-4668-BE54-9A1E7A4F7556}") = "Model", "Model\Model.csproj", "{28803388-EAA5-458A-A562-D59BF242E113}"
EndProject
Project("{FAE04EC0-301F-11D3-BF4B-00C04F79EFBC}") = "Common", "Interfaces\Common.csproj", "{6454B510-F77C-404B-BAF5-568B5ACA9E95}"
EndProject
Global
	GlobalSection(SolutionConfigurationPlatforms) = preSolution
		Debug|Any CPU = Debug|Any CPU
		Release|Any CPU = Release|Any CPU
	EndGlobalSection
	GlobalSection(ProjectConfigurationPlatforms) = postSolution
		{3E89C7D0-FE4D-4BA1-A864-C2D862961458}.Debug|Any CPU.ActiveCfg = Debug|Any CPU
		{3E89C7D0-FE4D-4BA1-A864-C2D862961458}.Debug|Any CPU.Build.0 = Debug|Any CPU
		{3E89C7D0-FE4D-4BA1-A864-C2D862961458}.Release|Any CPU.ActiveCfg = Release|Any CPU
		{3E89C7D0-FE4D-4BA1-A864-C2D862961458}.Release|Any CPU.Build.0 = Release|Any CPU
		{C896F660-D286-4249-B464-515367DD3C19}.Debug|Any CPU.ActiveCfg = Debug|Any CPU
		{C896F660-D286-4249-B464-515367DD3C19}.Debug|Any CPU.Build.0 = Debug|Any CPU
		{C896F660-D286-4249-B464-515367DD3C19}.Release|Any CPU.ActiveCfg = Release|Any CPU
		{C896F660-D286-4249-B464-515367DD3C19}.Release|Any CPU.Build.0 = Release|Any CPU
		{28803388-EAA5-458A-A562-D59BF242E113}.Debug|Any CPU.ActiveCfg = Debug|Any CPU
		{28803388-EAA5-458A-A562-D59BF242E113}.Debug|Any CPU.Build.0 = Debug|Any CPU
		{28803388-EAA5-458A-A562-D59BF242E113}.Release|Any CPU.ActiveCfg = Release|Any CPU
		{28803388-EAA5-458A-A562-D59BF242E113}.Release|Any CPU.Build.0 = Release|Any CPU
		{6454B510-F77C-404B-BAF5-568B5ACA9E95}.Debug|Any CPU.ActiveCfg = Debug|Any CPU
		{6454B510-F77C-404B-BAF5-568B5ACA9E95}.Debug|Any CPU.Build.0 = Debug|Any CPU
		{6454B510-F77C-404B-BAF5-568B5ACA9E95}.Release|Any CPU.ActiveCfg = Release|Any CPU
		{6454B510-F77C-404B-BAF5-568B5ACA9E95}.Release|Any CPU.Build.0 = Release|Any CPU
	EndGlobalSection
	GlobalSection(SolutionProperties) = preSolution
		HideSolutionNode = FALSE
	EndGlobalSection
	GlobalSection(ExtensibilityGlobals) = postSolution
		SolutionGuid = {D70D2AF7-B535-495C-BD7A-D9F89A8FBFD0}
	EndGlobalSection
EndGlobal
